<?xml version="1.0" encoding="utf-8"?>
<Project ToolsVersion="4.0" xmlns="http://schemas.microsoft.com/developer/msbuild/2003">
  <ItemGroup>
    <Filter Include="Source Files">
      <UniqueIdentifier>{4FC737F1-C7A5-4376-A066-2A32D752A2FF}</UniqueIdentifier>
      <Extensions>cpp;c;cc;cxx;c++;cppm;ixx;def;odl;idl;hpj;bat;asm;asmx</Extensions>
    </Filter>
    <Filter Include="Header Files">
      <UniqueIdentifier>{93995380-89BD-4b04-88EB-625FBE52EBFB}</UniqueIdentifier>
      <Extensions>h;hh;hpp;hxx;h++;hm;inl;inc;ipp;xsd</Extensions>
    </Filter>
    <Filter Include="Resource Files">
      <UniqueIdentifier>{67DA6AB6-F800-4c08-8B7A-83BB121AAD01}</UniqueIdentifier>
      <Extensions>rc;ico;cur;bmp;dlg;rc2;rct;bin;rgs;gif;jpg;jpeg;jpe;resx;tiff;tif;png;wav;mfcribbon-ms</Extensions>
    </Filter>
    <Filter Include="Header Files\avxxy">
      <UniqueIdentifier>{98137fee-044f-4b70-acfd-ccc3dad25844}</UniqueIdentifier>
    </Filter>
    <Filter Include="Header Files\avxxy\backends">
      <UniqueIdentifier>{da4a6e98-fdbe-4fcc-9f31-2c36bbdb55db}</UniqueIdentifier>
    </Filter>
  </ItemGroup>
  <ItemGroup>
    <ClInclude Include="avxxy\avxxy.h">
      <Filter>Header Files\avxxy</Filter>
    </ClInclude>
    <ClInclude Include="avxxy\backends.h">
      <Filter>Header Files\avxxy</Filter>
    </ClInclude>
    <ClInclude Include="avxxy\concepts.h">
      <Filter>Header Files\avxxy</Filter>
    </ClInclude>
    <ClInclude Include="avxxy\mask.h">
      <Filter>Header Files\avxxy</Filter>
    </ClInclude>
    <ClInclude Include="avxxy\mask_impl.h">
      <Filter>Header Files\avxxy</Filter>
    </ClInclude>
    <ClInclude Include="avxxy\namespace.h">
      <Filter>Header Files\avxxy</Filter>
    </ClInclude>
    <ClInclude Include="avxxy\utils.h">
      <Filter>Header Files\avxxy</Filter>
    </ClInclude>
    <ClInclude Include="avxxy\vector.h">
      <Filter>Header Files\avxxy</Filter>
    </ClInclude>
    <ClInclude Include="avxxy\vector_impl.h">
      <Filter>Header Files\avxxy</Filter>
    </ClInclude>
    <ClInclude Include="avxxy\backends\scalar.h">
      <Filter>Header Files\avxxy\backends</Filter>
    </ClInclude>
    <ClInclude Include="avxxy\backends\sse2.h">
      <Filter>Header Files\avxxy\backends</Filter>
    </ClInclude>
    <ClInclude Include="avxxy\backends\sse41.h">
      <Filter>Header Files\avxxy\backends</Filter>
    </ClInclude>
    <ClInclude Include="avxxy\backends\avx2.h">
      <Filter>Header Files\avxxy\backends</Filter>
    </ClInclude>
    <ClInclude Include="avxxy\backends\avx512.h">
      <Filter>Header Files\avxxy\backends</Filter>
    </ClInclude>
  </ItemGroup>
  <ItemGroup>
    <ClCompile Include="main.cpp">
      <Filter>Source Files</Filter>
    </ClCompile>
  </ItemGroup>
</Project>