
Microsoft Visual Studio Solution File, Format Version 12.00
# Visual Studio Version 18
VisualStudioVersion = 18.6.11822.322 stable
MinimumVisualStudioVersion = 10.0.40219.1
Project("{8BC9CEB8-8B4A-11D0-8D11-00A0C91BC942}") = "AVXxy", "AVXxy.vcxproj", "{B68BCC6D-8A7F-4388-A4F3-37B76A2FF9A1}"
EndProject
Global
	GlobalSection(SolutionConfigurationPlatforms) = preSolution
		DebClang|x64 = DebClang|x64
		DebClang|x86 = DebClang|x86
		DebTest_Zen4_Clang|x64 = DebTest_Zen4_Clang|x64
		DebTest_Zen4_Clang|x86 = DebTest_Zen4_Clang|x86
		Debug|x64 = Debug|x64
		Debug|x86 = Debug|x86
		RelClang|x64 = RelClang|x64
		RelClang|x86 = RelClang|x86
		Release|x64 = Release|x64
		Release|x86 = Release|x86
		Test_Zen4_Rel|x64 = Test_Zen4_Rel|x64
		Test_Zen4_Rel|x86 = Test_Zen4_Rel|x86
	EndGlobalSection
	GlobalSection(ProjectConfigurationPlatforms) = postSolution
		{B68BCC6D-8A7F-4388-A4F3-37B76A2FF9A1}.DebClang|x64.ActiveCfg = DebClang|x64
		{B68BCC6D-8A7F-4388-A4F3-37B76A2FF9A1}.DebClang|x64.Build.0 = DebClang|x64
		{B68BCC6D-8A7F-4388-A4F3-37B76A2FF9A1}.DebClang|x86.ActiveCfg = DebClang|Win32
		{B68BCC6D-8A7F-4388-A4F3-37B76A2FF9A1}.DebClang|x86.Build.0 = DebClang|Win32
		{B68BCC6D-8A7F-4388-A4F3-37B76A2FF9A1}.DebTest_Zen4_Clang|x64.ActiveCfg = DebTest_Zen4_Clang|x64
		{B68BCC6D-8A7F-4388-A4F3-37B76A2FF9A1}.DebTest_Zen4_Clang|x64.Build.0 = DebTest_Zen4_Clang|x64
		{B68BCC6D-8A7F-4388-A4F3-37B76A2FF9A1}.DebTest_Zen4_Clang|x86.ActiveCfg = DebTest_Zen4_Clang|Win32
		{B68BCC6D-8A7F-4388-A4F3-37B76A2FF9A1}.DebTest_Zen4_Clang|x86.Build.0 = DebTest_Zen4_Clang|Win32
		{B68BCC6D-8A7F-4388-A4F3-37B76A2FF9A1}.Debug|x64.ActiveCfg = Debug|x64
		{B68BCC6D-8A7F-4388-A4F3-37B76A2FF9A1}.Debug|x64.Build.0 = Debug|x64
		{B68BCC6D-8A7F-4388-A4F3-37B76A2FF9A1}.Debug|x86.ActiveCfg = Debug|Win32
		{B68BCC6D-8A7F-4388-A4F3-37B76A2FF9A1}.Debug|x86.Build.0 = Debug|Win32
		{B68BCC6D-8A7F-4388-A4F3-37B76A2FF9A1}.RelClang|x64.ActiveCfg = RelClang|x64
		{B68BCC6D-8A7F-4388-A4F3-37B76A2FF9A1}.RelClang|x64.Build.0 = RelClang|x64
		{B68BCC6D-8A7F-4388-A4F3-37B76A2FF9A1}.RelClang|x86.ActiveCfg = RelClang|Win32
		{B68BCC6D-8A7F-4388-A4F3-37B76A2FF9A1}.RelClang|x86.Build.0 = RelClang|Win32
		{B68BCC6D-8A7F-4388-A4F3-37B76A2FF9A1}.Release|x64.ActiveCfg = Release|x64
		{B68BCC6D-8A7F-4388-A4F3-37B76A2FF9A1}.Release|x64.Build.0 = Release|x64
		{B68BCC6D-8A7F-4388-A4F3-37B76A2FF9A1}.Release|x86.ActiveCfg = Release|Win32
		{B68BCC6D-8A7F-4388-A4F3-37B76A2FF9A1}.Release|x86.Build.0 = Release|Win32
		{B68BCC6D-8A7F-4388-A4F3-37B76A2FF9A1}.Test_Zen4_Rel|x64.ActiveCfg = Test_Zen4_Rel|x64
		{B68BCC6D-8A7F-4388-A4F3-37B76A2FF9A1}.Test_Zen4_Rel|x64.Build.0 = Test_Zen4_Rel|x64
		{B68BCC6D-8A7F-4388-A4F3-37B76A2FF9A1}.Test_Zen4_Rel|x86.ActiveCfg = Test_Zen4_Rel|Win32
		{B68BCC6D-8A7F-4388-A4F3-37B76A2FF9A1}.Test_Zen4_Rel|x86.Build.0 = Test_Zen4_Rel|Win32
	EndGlobalSection
	GlobalSection(SolutionProperties) = preSolution
		HideSolutionNode = FALSE
	EndGlobalSection
	GlobalSection(ExtensibilityGlobals) = postSolution
		SolutionGuid = {71D88ACF-DF7C-4FD1-B7F0-CB432F7BF12F}
	EndGlobalSection
EndGlobal
